// !$*UTF8*$!
{
	archiveVersion = 1;
	classes = {
	};
	objectVersion = 56;
	objects = {

/* Begin PBXBuildFile section */
		AC3D8B392B5536DA00F3099D /* AppDelegate.swift in Sources */ = {isa = PBXBuildFile; fileRef = AC3D8B382B5536DA00F3099D /* AppDelegate.swift */; };
		AC3D8B3B2B5536DA00F3099D /* SceneDelegate.swift in Sources */ = {isa = PBXBuildFile; fileRef = AC3D8B3A2B5536DA00F3099D /* SceneDelegate.swift */; };
		AC3D8B3D2B5536DA00F3099D /* MainViewController.swift in Sources */ = {isa = PBXBuildFile; fileRef = AC3D8B3C2B5536DA00F3099D /* MainViewController.swift */; };
		AC3D8B422B5536DC00F3099D /* Assets.xcassets in Resources */ = {isa = PBXBuildFile; fileRef = AC3D8B412B5536DC00F3099D /* Assets.xcassets */; };
		AC3D8B4D2B553BBD00F3099D /* LoginView.swift in Sources */ = {isa = PBXBuildFile; fileRef = AC3D8B4C2B553BBD00F3099D /* LoginView.swift */; };
		AC3D8B502B553F3900F3099D /* SnapKit in Frameworks */ = {isa = PBXBuildFile; productRef = AC3D8B4F2B553F3900F3099D /* SnapKit */; };
		AC3D8B522B55414D00F3099D /* LoginViewController.swift in Sources */ = {isa = PBXBuildFile; fileRef = AC3D8B512B55414D00F3099D /* LoginViewController.swift */; };
		ACBB61B72B5555E6006CF1D3 /* NetworkManager.swift in Sources */ = {isa = PBXBuildFile; fileRef = ACBB61B62B5555E6006CF1D3 /* NetworkManager.swift */; };
		ACBB61BA2B55569B006CF1D3 /* Alamofire in Frameworks */ = {isa = PBXBuildFile; productRef = ACBB61B92B55569B006CF1D3 /* Alamofire */; };
		ACBB61BC2B5556AF006CF1D3 /* Models.swift in Sources */ = {isa = PBXBuildFile; fileRef = ACBB61BB2B5556AF006CF1D3 /* Models.swift */; };
		ACBB61BE2B555702006CF1D3 /* ViewModel.swift in Sources */ = {isa = PBXBuildFile; fileRef = ACBB61BD2B555702006CF1D3 /* ViewModel.swift */; };
		ACBB61C02B5557A9006CF1D3 /* CellView.swift in Sources */ = {isa = PBXBuildFile; fileRef = ACBB61BF2B5557A9006CF1D3 /* CellView.swift */; };
		ACBB61C22B556429006CF1D3 /* DetailsViewController.swift in Sources */ = {isa = PBXBuildFile; fileRef = ACBB61C12B556429006CF1D3 /* DetailsViewController.swift */; };
/* End PBXBuildFile section */

/* Begin PBXFileReference section */
		AC3D8B352B5536DA00F3099D /* AGTestApp.app */ = {isa = PBXFileReference; explicitFileType = wrapper.application; includeInIndex = 0; path = AGTestApp.app; sourceTree = BUILT_PRODUCTS_DIR; };
		AC3D8B382B5536DA00F3099D /* AppDelegate.swift */ = {isa = PBXFileReference; lastKnownFileType = sourcecode.swift; path = AppDelegate.swift; sourceTree = "<group>"; };
		AC3D8B3A2B5536DA00F3099D /* SceneDelegate.swift */ = {isa = PBXFileReference; lastKnownFileType = sourcecode.swift; path = SceneDelegate.swift; sourceTree = "<group>"; };
		AC3D8B3C2B5536DA00F3099D /* MainViewController.swift */ = {isa = PBXFileReference; lastKnownFileType = sourcecode.swift; path = MainViewController.swift; sourceTree = "<group>"; };
		AC3D8B412B5536DC00F3099D /* Assets.xcassets */ = {isa = PBXFileReference; lastKnownFileType = folder.assetcatalog; path = Assets.xcassets; sourceTree = "<group>"; };
		AC3D8B462B5536DC00F3099D /* Info.plist */ = {isa = PBXFileReference; lastKnownFileType = text.plist.xml; path = Info.plist; sourceTree = "<group>"; };
		AC3D8B4C2B553BBD00F3099D /* LoginView.swift */ = {isa = PBXFileReference; lastKnownFileType = sourcecode.swift; path = LoginView.swift; sourceTree = "<group>"; };
		AC3D8B512B55414D00F3099D /* LoginViewController.swift */ = {isa = PBXFileReference; lastKnownFileType = sourcecode.swift; path = LoginViewController.swift; sourceTree = "<group>"; };
		ACBB61B62B5555E6006CF1D3 /* NetworkManager.swift */ = {isa = PBXFileReference; lastKnownFileType = sourcecode.swift; path = NetworkManager.swift; sourceTree = "<group>"; };
		ACBB61BB2B5556AF006CF1D3 /* Models.swift */ = {isa = PBXFileReference; lastKnownFileType = sourcecode.swift; path = Models.swift; sourceTree = "<group>"; };
		ACBB61BD2B555702006CF1D3 /* ViewModel.swift */ = {isa = PBXFileReference; lastKnownFileType = sourcecode.swift; path = ViewModel.swift; sourceTree = "<group>"; };
		ACBB61BF2B5557A9006CF1D3 /* CellView.swift */ = {isa = PBXFileReference; lastKnownFileType = sourcecode.swift; path = CellView.swift; sourceTree = "<group>"; };
		ACBB61C12B556429006CF1D3 /* DetailsViewController.swift */ = {isa = PBXFileReference; lastKnownFileType = sourcecode.swift; path = DetailsViewController.swift; sourceTree = "<group>"; };
/* End PBXFileReference section */

/* Begin PBXFrameworksBuildPhase section */
		AC3D8B322B5536DA00F3099D /* Frameworks */ = {
			isa = PBXFrameworksBuildPhase;
			buildActionMask = 2147483647;
			files = (
				AC3D8B502B553F3900F3099D /* SnapKit in Frameworks */,
				ACBB61BA2B55569B006CF1D3 /* Alamofire in Frameworks */,
			);
			runOnlyForDeploymentPostprocessing = 0;
		};
/* End PBXFrameworksBuildPhase section */

/* Begin PBXGroup section */
		AC3D8B2C2B5536DA00F3099D = {
			isa = PBXGroup;
			children = (
				AC3D8B372B5536DA00F3099D /* AGTestApp */,
				AC3D8B362B5536DA00F3099D /* Products */,
			);
			sourceTree = "<group>";
		};
		AC3D8B362B5536DA00F3099D /* Products */ = {
			isa = PBXGroup;
			children = (
				AC3D8B352B5536DA00F3099D /* AGTestApp.app */,
			);
			name = Products;
			sourceTree = "<group>";
		};
		AC3D8B372B5536DA00F3099D /* AGTestApp */ = {
			isa = PBXGroup;
			children = (
				ACCCF9662B564ECF009B6CA2 /* Cell */,
				ACBB61CB2B5567AB006CF1D3 /* Details */,
				ACBB61CA2B5567A1006CF1D3 /* Main */,
				ACBB61C92B556790006CF1D3 /* Login */,
				ACBB61C62B5566C7006CF1D3 /* ViewModel */,
				ACBB61C82B5566F9006CF1D3 /* Manager */,
				ACBB61C52B5566B3006CF1D3 /* Delegates */,
				ACBB61C42B556696006CF1D3 /* Models */,
				AC3D8B412B5536DC00F3099D /* Assets.xcassets */,
				AC3D8B462B5536DC00F3099D /* Info.plist */,
			);
			path = AGTestApp;
			sourceTree = "<group>";
		};
		ACBB61C42B556696006CF1D3 /* Models */ = {
			isa = PBXGroup;
			children = (
				ACBB61BB2B5556AF006CF1D3 /* Models.swift */,
			);
			path = Models;
			sourceTree = "<group>";
		};
		ACBB61C52B5566B3006CF1D3 /* Delegates */ = {
			isa = PBXGroup;
			children = (
				AC3D8B382B5536DA00F3099D /* AppDelegate.swift */,
				AC3D8B3A2B5536DA00F3099D /* SceneDelegate.swift */,
			);
			path = Delegates;
			sourceTree = "<group>";
		};
		ACBB61C62B5566C7006CF1D3 /* ViewModel */ = {
			isa = PBXGroup;
			children = (
				ACBB61BD2B555702006CF1D3 /* ViewModel.swift */,
			);
			path = ViewModel;
			sourceTree = "<group>";
		};
		ACBB61C82B5566F9006CF1D3 /* Manager */ = {
			isa = PBXGroup;
			children = (
				ACBB61B62B5555E6006CF1D3 /* NetworkManager.swift */,
			);
			path = Manager;
			sourceTree = "<group>";
		};
		ACBB61C92B556790006CF1D3 /* Login */ = {
			isa = PBXGroup;
			children = (
				AC3D8B4C2B553BBD00F3099D /* LoginView.swift */,
				AC3D8B512B55414D00F3099D /* LoginViewController.swift */,
			);
			path = Login;
			sourceTree = "<group>";
		};
		ACBB61CA2B5567A1006CF1D3 /* Main */ = {
			isa = PBXGroup;
			children = (
				AC3D8B3C2B5536DA00F3099D /* MainViewController.swift */,
			);
			path = Main;
			sourceTree = "<group>";
		};
		ACBB61CB2B5567AB006CF1D3 /* Details */ = {
			isa = PBXGroup;
			children = (
				ACBB61C12B556429006CF1D3 /* DetailsViewController.swift */,
			);
			path = Details;
			sourceTree = "<group>";
		};
		ACCCF9662B564ECF009B6CA2 /* Cell */ = {
			isa = PBXGroup;
			children = (
				ACBB61BF2B5557A9006CF1D3 /* CellView.swift */,
			);
			path = Cell;
			sourceTree = "<group>";
		};
/* End PBXGroup section */

/* Begin PBXNativeTarget section */
		AC3D8B342B5536DA00F3099D /* AGTestApp */ = {
			isa = PBXNativeTarget;
			buildConfigurationList = AC3D8B492B5536DC00F3099D /* Build configuration list for PBXNativeTarget "AGTestApp" */;
			buildPhases = (
				AC3D8B312B5536DA00F3099D /* Sources */,
				AC3D8B322B5536DA00F3099D /* Frameworks */,
				AC3D8B332B5536DA00F3099D /* Resources */,
			);
			buildRules = (
			);
			dependencies = (
			);
			name = AGTestApp;
			packageProductDependencies = (
				AC3D8B4F2B553F3900F3099D /* SnapKit */,
				ACBB61B92B55569B006CF1D3 /* Alamofire */,
			);
			productName = AGTestApp;
			productReference = AC3D8B352B5536DA00F3099D /* AGTestApp.app */;
			productType = "com.apple.product-type.application";
		};
/* End PBXNativeTarget section */

/* Begin PBXProject section */
		AC3D8B2D2B5536DA00F3099D /* Project object */ = {
			isa = PBXProject;
			attributes = {
				BuildIndependentTargetsInParallel = 1;
				LastSwiftUpdateCheck = 1510;
				LastUpgradeCheck = 1510;
				TargetAttributes = {
					AC3D8B342B5536DA00F3099D = {
						CreatedOnToolsVersion = 15.1;
					};
				};
			};
			buildConfigurationList = AC3D8B302B5536DA00F3099D /* Build configuration list for PBXProject "AGTestApp" */;
			compatibilityVersion = "Xcode 14.0";
			developmentRegion = en;
			hasScannedForEncodings = 0;
			knownRegions = (
				en,
				Base,
			);
			mainGroup = AC3D8B2C2B5536DA00F3099D;
			packageReferences = (
				AC3D8B4E2B553F3900F3099D /* XCRemoteSwiftPackageReference "SnapKit" */,
				ACBB61B82B55569B006CF1D3 /* XCRemoteSwiftPackageReference "Alamofire" */,
			);
			productRefGroup = AC3D8B362B5536DA00F3099D /* Products */;
			projectDirPath = "";
			projectRoot = "";
			targets = (
				AC3D8B342B5536DA00F3099D /* AGTestApp */,
			);
		};
/* End PBXProject section */

/* Begin PBXResourcesBuildPhase section */
		AC3D8B332B5536DA00F3099D /* Resources */ = {
			isa = PBXResourcesBuildPhase;
			buildActionMask = 2147483647;
			files = (
				AC3D8B422B5536DC00F3099D /* Assets.xcassets in Resources */,
			);
			runOnlyForDeploymentPostprocessing = 0;
		};
/* End PBXResourcesBuildPhase section */

/* Begin PBXSourcesBuildPhase section */
		AC3D8B312B5536DA00F3099D /* Sources */ = {
			isa = PBXSourcesBuildPhase;
			buildActionMask = 2147483647;
			files = (
				ACBB61B72B5555E6006CF1D3 /* NetworkManager.swift in Sources */,
				ACBB61C02B5557A9006CF1D3 /* CellView.swift in Sources */,
				AC3D8B3D2B5536DA00F3099D /* MainViewController.swift in Sources */,
				AC3D8B392B5536DA00F3099D /* AppDelegate.swift in Sources */,
				AC3D8B4D2B553BBD00F3099D /* LoginView.swift in Sources */,
				AC3D8B522B55414D00F3099D /* LoginViewController.swift in Sources */,
				ACBB61BE2B555702006CF1D3 /* ViewModel.swift in Sources */,
				ACBB61C22B556429006CF1D3 /* DetailsViewController.swift in Sources */,
				AC3D8B3B2B5536DA00F3099D /* SceneDelegate.swift in Sources */,
				ACBB61BC2B5556AF006CF1D3 /* Models.swift in Sources */,
			);
			runOnlyForDeploymentPostprocessing = 0;
		};
/* End PBXSourcesBuildPhase section */

/* Begin XCBuildConfiguration section */
		AC3D8B472B5536DC00F3099D /* Debug */ = {
			isa = XCBuildConfiguration;
			buildSettings = {
				ALWAYS_SEARCH_USER_PATHS = NO;
				ASSETCATALOG_COMPILER_GENERATE_SWIFT_ASSET_SYMBOL_EXTENSIONS = YES;
				CLANG_ANALYZER_NONNULL = YES;
				CLANG_ANALYZER_NUMBER_OBJECT_CONVERSION = YES_AGGRESSIVE;
				CLANG_CXX_LANGUAGE_STANDARD = "gnu++20";
				CLANG_ENABLE_MODULES = YES;
				CLANG_ENABLE_OBJC_ARC = YES;
				CLANG_ENABLE_OBJC_WEAK = YES;
				CLANG_WARN_BLOCK_CAPTURE_AUTORELEASING = YES;
				CLANG_WARN_BOOL_CONVERSION = YES;
				CLANG_WARN_COMMA = YES;
				CLANG_WARN_CONSTANT_CONVERSION = YES;
				CLANG_WARN_DEPRECATED_OBJC_IMPLEMENTATIONS = YES;
				CLANG_WARN_DIRECT_OBJC_ISA_USAGE = YES_ERROR;
				CLANG_WARN_DOCUMENTATION_COMMENTS = YES;
				CLANG_WARN_EMPTY_BODY = YES;
				CLANG_WARN_ENUM_CONVERSION = YES;
				CLANG_WARN_INFINITE_RECURSION = YES;
				CLANG_WARN_INT_CONVERSION = YES;
				CLANG_WARN_NON_LITERAL_NULL_CONVERSION = YES;
				CLANG_WARN_OBJC_IMPLICIT_RETAIN_SELF = YES;
				CLANG_WARN_OBJC_LITERAL_CONVERSION = YES;
				CLANG_WARN_OBJC_ROOT_CLASS = YES_ERROR;
				CLANG_WARN_QUOTED_INCLUDE_IN_FRAMEWORK_HEADER = YES;
				CLANG_WARN_RANGE_LOOP_ANALYSIS = YES;
				CLANG_WARN_STRICT_PROTOTYPES = YES;
				CLANG_WARN_SUSPICIOUS_MOVE = YES;
				CLANG_WARN_UNGUARDED_AVAILABILITY = YES_AGGRESSIVE;
				CLANG_WARN_UNREACHABLE_CODE = YES;
				CLANG_WARN__DUPLICATE_METHOD_MATCH = YES;
				COPY_PHASE_STRIP = NO;
				DEBUG_INFORMATION_FORMAT = dwarf;
				ENABLE_STRICT_OBJC_MSGSEND = YES;
				ENABLE_TESTABILITY = YES;
				ENABLE_USER_SCRIPT_SANDBOXING = YES;
				GCC_C_LANGUAGE_STANDARD = gnu17;
				GCC_DYNAMIC_NO_PIC = NO;
				GCC_NO_COMMON_BLOCKS = YES;
				GCC_OPTIMIZATION_LEVEL = 0;
				GCC_PREPROCESSOR_DEFINITIONS = (
					"DEBUG=1",
					"$(inherited)",
				);
				GCC_WARN_64_TO_32_BIT_CONVERSION = YES;
				GCC_WARN_ABOUT_RETURN_TYPE = YES_ERROR;
				GCC_WARN_UNDECLARED_SELECTOR = YES;
				GCC_WARN_UNINITIALIZED_AUTOS = YES_AGGRESSIVE;
				GCC_WARN_UNUSED_FUNCTION = YES;
				GCC_WARN_UNUSED_VARIABLE = YES;
				IPHONEOS_DEPLOYMENT_TARGET = 17.2;
				LOCALIZATION_PREFERS_STRING_CATALOGS = YES;
				MTL_ENABLE_DEBUG_INFO = INCLUDE_SOURCE;
				MTL_FAST_MATH = YES;
				ONLY_ACTIVE_ARCH = YES;
				SDKROOT = iphoneos;
				SWIFT_ACTIVE_COMPILATION_CONDITIONS = "DEBUG $(inherited)";
				SWIFT_OPTIMIZATION_LEVEL = "-Onone";
			};
			name = Debug;
		};
		AC3D8B482B5536DC00F3099D /* Release */ = {
			isa = XCBuildConfiguration;
			buildSettings = {
				ALWAYS_SEARCH_USER_PATHS = NO;
				ASSETCATALOG_COMPILER_GENERATE_SWIFT_ASSET_SYMBOL_EXTENSIONS = YES;
				CLANG_ANALYZER_NONNULL = YES;
				CLANG_ANALYZER_NUMBER_OBJECT_CONVERSION = YES_AGGRESSIVE;
				CLANG_CXX_LANGUAGE_STANDARD = "gnu++20";
				CLANG_ENABLE_MODULES = YES;
				CLANG_ENABLE_OBJC_ARC = YES;
				CLANG_ENABLE_OBJC_WEAK = YES;
				CLANG_WARN_BLOCK_CAPTURE_AUTORELEASING = YES;
				CLANG_WARN_BOOL_CONVERSION = YES;
				CLANG_WARN_COMMA = YES;
				CLANG_WARN_CONSTANT_CONVERSION = YES;
				CLANG_WARN_DEPRECATED_OBJC_IMPLEMENTATIONS = YES;
				CLANG_WARN_DIRECT_OBJC_ISA_USAGE = YES_ERROR;
				CLANG_WARN_DOCUMENTATION_COMMENTS = YES;
				CLANG_WARN_EMPTY_BODY = YES;
				CLANG_WARN_ENUM_CONVERSION = YES;
				CLANG_WARN_INFINITE_RECURSION = YES;
				CLANG_WARN_INT_CONVERSION = YES;
				CLANG_WARN_NON_LITERAL_NULL_CONVERSION = YES;
				CLANG_WARN_OBJC_IMPLICIT_RETAIN_SELF = YES;
				CLANG_WARN_OBJC_LITERAL_CONVERSION = YES;
				CLANG_WARN_OBJC_ROOT_CLASS = YES_ERROR;
				CLANG_WARN_QUOTED_INCLUDE_IN_FRAMEWORK_HEADER = YES;
				CLANG_WARN_RANGE_LOOP_ANALYSIS = YES;
				CLANG_WARN_STRICT_PROTOTYPES = YES;
				CLANG_WARN_SUSPICIOUS_MOVE = YES;
				CLANG_WARN_UNGUARDED_AVAILABILITY = YES_AGGRESSIVE;
				CLANG_WARN_UNREACHABLE_CODE = YES;
				CLANG_WARN__DUPLICATE_METHOD_MATCH = YES;
				COPY_PHASE_STRIP = NO;
				DEBUG_INFORMATION_FORMAT = "dwarf-with-dsym";
				ENABLE_NS_ASSERTIONS = NO;
				ENABLE_STRICT_OBJC_MSGSEND = YES;
				ENABLE_USER_SCRIPT_SANDBOXING = YES;
				GCC_C_LANGUAGE_STANDARD = gnu17;
				GCC_NO_COMMON_BLOCKS = YES;
				GCC_WARN_64_TO_32_BIT_CONVERSION = YES;
				GCC_WARN_ABOUT_RETURN_TYPE = YES_ERROR;
				GCC_WARN_UNDECLARED_SELECTOR = YES;
				GCC_WARN_UNINITIALIZED_AUTOS = YES_AGGRESSIVE;
				GCC_WARN_UNUSED_FUNCTION = YES;
				GCC_WARN_UNUSED_VARIABLE = YES;
				IPHONEOS_DEPLOYMENT_TARGET = 17.2;
				LOCALIZATION_PREFERS_STRING_CATALOGS = YES;
				MTL_ENABLE_DEBUG_INFO = NO;
				MTL_FAST_MATH = YES;
				SDKROOT = iphoneos;
				SWIFT_COMPILATION_MODE = wholemodule;
				VALIDATE_PRODUCT = YES;
			};
			name = Release;
		};
		AC3D8B4A2B5536DC00F3099D /* Debug */ = {
			isa = XCBuildConfiguration;
			buildSettings = {
				ASSETCATALOG_COMPILER_APPICON_NAME = AppIcon;
				ASSETCATALOG_COMPILER_GLOBAL_ACCENT_COLOR_NAME = AccentColor;
				CODE_SIGN_STYLE = Automatic;
				CURRENT_PROJECT_VERSION = 1;
				DEVELOPMENT_TEAM = 9Z89GNZYVP;
				GENERATE_INFOPLIST_FILE = YES;
				INFOPLIST_FILE = AGTestApp/Info.plist;
				INFOPLIST_KEY_UIApplicationSupportsIndirectInputEvents = YES;
				INFOPLIST_KEY_UILaunchStoryboardName = LaunchScreen;
				INFOPLIST_KEY_UISupportedInterfaceOrientations_iPad = "UIInterfaceOrientationPortrait UIInterfaceOrientationPortraitUpsideDown UIInterfaceOrientationLandscapeLeft UIInterfaceOrientationLandscapeRight";
				INFOPLIST_KEY_UISupportedInterfaceOrientations_iPhone = "UIInterfaceOrientationPortrait UIInterfaceOrientationLandscapeLeft UIInterfaceOrientationLandscapeRight";
				LD_RUNPATH_SEARCH_PATHS = (
					"$(inherited)",
					"@executable_path/Frameworks",
				);
				MARKETING_VERSION = 1.0;
				PRODUCT_BUNDLE_IDENTIFIER = ArtemBariev.AGTestApp;
				PRODUCT_NAME = "$(TARGET_NAME)";
				SWIFT_EMIT_LOC_STRINGS = YES;
				SWIFT_VERSION = 5.0;
				TARGETED_DEVICE_FAMILY = "1,2";
			};
			name = Debug;
		};
		AC3D8B4B2B5536DC00F3099D /* Release */ = {
			isa = XCBuildConfiguration;
			buildSettings = {
				ASSETCATALOG_COMPILER_APPICON_NAME = AppIcon;
				ASSETCATALOG_COMPILER_GLOBAL_ACCENT_COLOR_NAME = AccentColor;
				CODE_SIGN_STYLE = Automatic;
				CURRENT_PROJECT_VERSION = 1;
				DEVELOPMENT_TEAM = 9Z89GNZYVP;
				GENERATE_INFOPLIST_FILE = YES;
				INFOPLIST_FILE = AGTestApp/Info.plist;
				INFOPLIST_KEY_UIApplicationSupportsIndirectInputEvents = YES;
				INFOPLIST_KEY_UILaunchStoryboardName = LaunchScreen;
				INFOPLIST_KEY_UISupportedInterfaceOrientations_iPad = "UIInterfaceOrientationPortrait UIInterfaceOrientationPortraitUpsideDown UIInterfaceOrientationLandscapeLeft UIInterfaceOrientationLandscapeRight";
				INFOPLIST_KEY_UISupportedInterfaceOrientations_iPhone = "UIInterfaceOrientationPortrait UIInterfaceOrientationLandscapeLeft UIInterfaceOrientationLandscapeRight";
				LD_RUNPATH_SEARCH_PATHS = (
					"$(inherited)",
					"@executable_path/Frameworks",
				);
				MARKETING_VERSION = 1.0;
				PRODUCT_BUNDLE_IDENTIFIER = ArtemBariev.AGTestApp;
				PRODUCT_NAME = "$(TARGET_NAME)";
				SWIFT_EMIT_LOC_STRINGS = YES;
				SWIFT_VERSION = 5.0;
				TARGETED_DEVICE_FAMILY = "1,2";
			};
			name = Release;
		};
/* End XCBuildConfiguration section */

/* Begin XCConfigurationList section */
		AC3D8B302B5536DA00F3099D /* Build configuration list for PBXProject "AGTestApp" */ = {
			isa = XCConfigurationList;
			buildConfigurations = (
				AC3D8B472B5536DC00F3099D /* Debug */,
				AC3D8B482B5536DC00F3099D /* Release */,
			);
			defaultConfigurationIsVisible = 0;
			defaultConfigurationName = Release;
		};
		AC3D8B492B5536DC00F3099D /* Build configuration list for PBXNativeTarget "AGTestApp" */ = {
			isa = XCConfigurationList;
			buildConfigurations = (
				AC3D8B4A2B5536DC00F3099D /* Debug */,
				AC3D8B4B2B5536DC00F3099D /* Release */,
			);
			defaultConfigurationIsVisible = 0;
			defaultConfigurationName = Release;
		};
/* End XCConfigurationList section */

/* Begin XCRemoteSwiftPackageReference section */
		AC3D8B4E2B553F3900F3099D /* XCRemoteSwiftPackageReference "SnapKit" */ = {
			isa = XCRemoteSwiftPackageReference;
			repositoryURL = "https://github.com/SnapKit/SnapKit.git";
			requirement = {
				kind = upToNextMajorVersion;
				minimumVersion = 5.7.0;
			};
		};
		ACBB61B82B55569B006CF1D3 /* XCRemoteSwiftPackageReference "Alamofire" */ = {
			isa = XCRemoteSwiftPackageReference;
			repositoryURL = "https://github.com/Alamofire/Alamofire.git";
			requirement = {
				kind = upToNextMajorVersion;
				minimumVersion = 5.8.1;
			};
		};
/* End XCRemoteSwiftPackageReference section */

/* Begin XCSwiftPackageProductDependency section */
		AC3D8B4F2B553F3900F3099D /* SnapKit */ = {
			isa = XCSwiftPackageProductDependency;
			package = AC3D8B4E2B553F3900F3099D /* XCRemoteSwiftPackageReference "SnapKit" */;
			productName = SnapKit;
		};
		ACBB61B92B55569B006CF1D3 /* Alamofire */ = {
			isa = XCSwiftPackageProductDependency;
			package = ACBB61B82B55569B006CF1D3 /* XCRemoteSwiftPackageReference "Alamofire" */;
			productName = Alamofire;
		};
/* End XCSwiftPackageProductDependency section */
	};
	rootObject = AC3D8B2D2B5536DA00F3099D /* Project object */;
}
